
Microsoft Visual Studio Solution File, Format Version 12.00
# Visual Studio 15
VisualStudioVersion = 15.0.28010.2003
MinimumVisualStudioVersion = 10.0.40219.1
Project("{FAE04EC0-301F-11D3-BF4B-00C04F79EFBC}") = "Server_Tutorial", "Server_Tutorial\Server_Tutorial.csproj", "{77D8A888-0380-4E1C-8B56-30E7972A0AC0}"
EndProject
Global
	GlobalSection(SolutionConfigurationPlatforms) = preSolution
		Debug|Any CPU = Debug|Any CPU
		Release|Any CPU = Release|Any CPU
	EndGlobalSection
	GlobalSection(ProjectConfigurationPlatforms) = postSolution
		{77D8A888-0380-4E1C-8B56-30E7972A0AC0}.Debug|Any CPU.ActiveCfg = Debug|Any CPU
		{77D8A888-0380-4E1C-8B56-30E7972A0AC0}.Debug|Any CPU.Build.0 = Debug|Any CPU
		{77D8A888-0380-4E1C-8B56-30E7972A0AC0}.Release|Any CPU.ActiveCfg = Release|Any CPU
		{77D8A888-0380-4E1C-8B56-30E7972A0AC0}.Release|Any CPU.Build.0 = Release|Any CPU
	EndGlobalSection
	GlobalSection(SolutionProperties) = preSolution
		HideSolutionNode = FALSE
	EndGlobalSection
	GlobalSection(ExtensibilityGlobals) = postSolution
		SolutionGuid = {E7C2FD3A-2E7E-42AD-A517-99BD47862F33}
	EndGlobalSection
EndGlobal
